
Microsoft Visual Studio Solution File, Format Version 12.00
# Visual Studio 14
VisualStudioVersion = 14.0.25123.0
MinimumVisualStudioVersion = 10.0.40219.1
Project("{FAE04EC0-301F-11D3-BF4B-00C04F79EFBC}") = "ProcessCreationService", "ProcessCreationService\ProcessCreationService.csproj", "{3245FE6A-070B-4B65-AAFA-BE315F6286DF}"
EndProject
Global
	GlobalSection(SolutionConfigurationPlatforms) = preSolution
		Debug|Any CPU = Debug|Any CPU
		Release|Any CPU = Release|Any CPU
	EndGlobalSection
	GlobalSection(ProjectConfigurationPlatforms) = postSolution
		{3245FE6A-070B-4B65-AAFA-BE315F6286DF}.Debug|Any CPU.ActiveCfg = Debug|Any CPU
		{3245FE6A-070B-4B65-AAFA-BE315F6286DF}.Debug|Any CPU.Build.0 = Debug|Any CPU
		{3245FE6A-070B-4B65-AAFA-BE315F6286DF}.Release|Any CPU.ActiveCfg = Release|Any CPU
		{3245FE6A-070B-4B65-AAFA-BE315F6286DF}.Release|Any CPU.Build.0 = Release|Any CPU
	EndGlobalSection
	GlobalSection(SolutionProperties) = preSolution
		HideSolutionNode = FALSE
	EndGlobalSection
EndGlobal
